
Microsoft Visual Studio Solution File, Format Version 12.00
# Visual Studio Version 16
VisualStudioVersion = 16.0.30611.23
MinimumVisualStudioVersion = 10.0.40219.1
Project("{9A19103F-16F7-4668-BE54-9A1E7A4F7556}") = "Weekly_Planner_BusinessLayer", "Weekly_Planner_BusinessLayer\Weekly_Planner_BusinessLayer.csproj", "{C1C68DC7-14D3-4096-B2E9-49534D61A29D}"
EndProject
Project("{9A19103F-16F7-4668-BE54-9A1E7A4F7556}") = "Weekly_PlannerDataLayer", "Weekly_PlannerDataLayer\Weekly_PlannerDataLayer.csproj", "{68886F1C-EDF6-42EF-96C9-0E35593DE161}"
EndProject
Project("{9A19103F-16F7-4668-BE54-9A1E7A4F7556}") = "Weekly_PlannerGUILayer", "Weekly_PlannerGUILayer\Weekly_PlannerGUILayer.csproj", "{BFF0E523-CC1D-4EEE-B9BA-2A5FF5E59D4C}"
EndProject
Project("{FAE04EC0-301F-11D3-BF4B-00C04F79EFBC}") = "Weekly_PlannetTests", "Weekly_PlannetTests\Weekly_PlannetTests.csproj", "{F409C46F-197E-4248-A392-7DD32EF69CA4}"
EndProject
Global
	GlobalSection(SolutionConfigurationPlatforms) = preSolution
		Debug|Any CPU = Debug|Any CPU
		Release|Any CPU = Release|Any CPU
	EndGlobalSection
	GlobalSection(ProjectConfigurationPlatforms) = postSolution
		{C1C68DC7-14D3-4096-B2E9-49534D61A29D}.Debug|Any CPU.ActiveCfg = Debug|Any CPU
		{C1C68DC7-14D3-4096-B2E9-49534D61A29D}.Debug|Any CPU.Build.0 = Debug|Any CPU
		{C1C68DC7-14D3-4096-B2E9-49534D61A29D}.Release|Any CPU.ActiveCfg = Release|Any CPU
		{C1C68DC7-14D3-4096-B2E9-49534D61A29D}.Release|Any CPU.Build.0 = Release|Any CPU
		{68886F1C-EDF6-42EF-96C9-0E35593DE161}.Debug|Any CPU.ActiveCfg = Debug|Any CPU
		{68886F1C-EDF6-42EF-96C9-0E35593DE161}.Debug|Any CPU.Build.0 = Debug|Any CPU
		{68886F1C-EDF6-42EF-96C9-0E35593DE161}.Release|Any CPU.ActiveCfg = Release|Any CPU
		{68886F1C-EDF6-42EF-96C9-0E35593DE161}.Release|Any CPU.Build.0 = Release|Any CPU
		{BFF0E523-CC1D-4EEE-B9BA-2A5FF5E59D4C}.Debug|Any CPU.ActiveCfg = Debug|Any CPU
		{BFF0E523-CC1D-4EEE-B9BA-2A5FF5E59D4C}.Debug|Any CPU.Build.0 = Debug|Any CPU
		{BFF0E523-CC1D-4EEE-B9BA-2A5FF5E59D4C}.Release|Any CPU.ActiveCfg = Release|Any CPU
		{BFF0E523-CC1D-4EEE-B9BA-2A5FF5E59D4C}.Release|Any CPU.Build.0 = Release|Any CPU
		{F409C46F-197E-4248-A392-7DD32EF69CA4}.Debug|Any CPU.ActiveCfg = Debug|Any CPU
		{F409C46F-197E-4248-A392-7DD32EF69CA4}.Debug|Any CPU.Build.0 = Debug|Any CPU
		{F409C46F-197E-4248-A392-7DD32EF69CA4}.Release|Any CPU.ActiveCfg = Release|Any CPU
		{F409C46F-197E-4248-A392-7DD32EF69CA4}.Release|Any CPU.Build.0 = Release|Any CPU
	EndGlobalSection
	GlobalSection(SolutionProperties) = preSolution
		HideSolutionNode = FALSE
	EndGlobalSection
	GlobalSection(ExtensibilityGlobals) = postSolution
		SolutionGuid = {E43F4691-ABBA-4EB1-A89E-B60A7D8E886E}
	EndGlobalSection
EndGlobal
